{
  "name": "@elliottcable/bs-sedlex",
  "version": "1.99.4",
  "lockfileVersion": 1,
  "requires": true,
  "dependencies": {
    "@elliottcable/bs-gen": {
      "version": "0.5.1",
      "resolved": "https://registry.npmjs.org/@elliottcable/bs-gen/-/bs-gen-0.5.1.tgz",
      "integrity": "sha512-nTxwpcBbCENxy9TIYFr553mp2Mts7I5OAan4ke7uiphiQKo0EqOpCgPG+kSYlp8LdPSz4h/IYJJoVC7ldIr/Lg==",
      "requires": {
        "bs-platform": "^4.0.2"
      }
    },
    "@elliottcable/bs-uchar": {
      "version": "0.0.2",
      "resolved": "https://registry.npmjs.org/@elliottcable/bs-uchar/-/bs-uchar-0.0.2.tgz",
      "integrity": "sha512-DG8C2IhTZB2a+A0/AE0jrBZyzkj9VW/7Zc+E5XOALfmgBh2Xy92H8xyT6okh0QK4EzGZiT2/heHYF0AAriOrNA==",
      "requires": {
        "bs-platform": "^4.0.2"
      }
    },
    "bs-platform": {
      "version": "4.0.2",
      "resolved": "https://registry.npmjs.org/bs-platform/-/bs-platform-4.0.2.tgz",
      "integrity": "sha1-7oD0lI9dsFM99mdhKlPZpSg3zyQ="
    }
  }
}
